
Microsoft Visual Studio Solution File, Format Version 12.00
# Visual Studio Version 16
VisualStudioVersion = 16.0.28803.352
MinimumVisualStudioVersion = 10.0.40219.1
Project("{8BC9CEB8-8B4A-11D0-8D11-00A0C91BC942}") = "SOURCE", "SOURCE\SOURCE.vcxproj", "{E92B1C11-10C7-4827-AD08-C8F6E3872729}"
EndProject
Project("{8BC9CEB8-8B4A-11D0-8D11-00A0C91BC942}") = "Operation1", "Operation1\Operation1.vcxproj", "{7C0B006D-69A0-4485-8C74-2D3EB0528262}"
EndProject
Project("{8BC9CEB8-8B4A-11D0-8D11-00A0C91BC942}") = "Operation2", "Operation2\Operation2.vcxproj", "{356B2FDF-E4D9-4DB8-8B81-78758B48CF32}"
EndProject
Project("{8BC9CEB8-8B4A-11D0-8D11-00A0C91BC942}") = "KerObjShare", "KerObjShare\KerObjShare.vcxproj", "{62D51108-1115-4AB3-AEF1-60848E5AEFAC}"
EndProject
Project("{8BC9CEB8-8B4A-11D0-8D11-00A0C91BC942}") = "KernelObjProb1", "KernelObjProb1\KernelObjProb1.vcxproj", "{95DED19F-F025-4A2F-A654-2D8C73D3D0D1}"
EndProject
Project("{8BC9CEB8-8B4A-11D0-8D11-00A0C91BC942}") = "KernelObjProb2", "KernelObjProb2\KernelObjProb2.vcxproj", "{8436947A-FCF9-4551-BDBB-FDB741952438}"
EndProject
Project("{8BC9CEB8-8B4A-11D0-8D11-00A0C91BC942}") = "OperationStateParent", "OperationStateParent\OperationStateParent.vcxproj", "{E09629CA-A2E2-4E25-853F-C6204219325E}"
EndProject
Project("{8BC9CEB8-8B4A-11D0-8D11-00A0C91BC942}") = "OperationStateChild", "OperationStateChild\OperationStateChild.vcxproj", "{82A71CE5-2031-4389-AAF3-F9A238CA94D7}"
EndProject
Project("{8BC9CEB8-8B4A-11D0-8D11-00A0C91BC942}") = "Calculator2", "Calculator2\Calculator2.vcxproj", "{2D12FD2E-814C-4B9E-959B-E8FDD4A9AF87}"
EndProject
Project("{8BC9CEB8-8B4A-11D0-8D11-00A0C91BC942}") = "UNICODE_BASE_FILE_IO", "UNICODE_BASE_FILE_IO\UNICODE_BASE_FILE_IO.vcxproj", "{B9D67951-BCAA-4CB6-8306-EB64053C8FD1}"
EndProject
Project("{8BC9CEB8-8B4A-11D0-8D11-00A0C91BC942}") = "UNICODE_BASE_FILE_READ", "UNICODE_BASE_FILE_READ\UNICODE_BASE_FILE_READ.vcxproj", "{69B06AF4-767E-4386-B25E-9D6692F8B7B5}"
EndProject
Project("{8BC9CEB8-8B4A-11D0-8D11-00A0C91BC942}") = "MailReceiver", "MailReceiver\MailReceiver.vcxproj", "{D32EDC4B-6948-44A3-A42D-7157146F5A47}"
EndProject
Project("{8BC9CEB8-8B4A-11D0-8D11-00A0C91BC942}") = "MailSender", "MailSender\MailSender.vcxproj", "{12BA52E1-FC48-41EE-865C-380E1D8CBB8D}"
EndProject
Project("{8BC9CEB8-8B4A-11D0-8D11-00A0C91BC942}") = "PartAdder", "PartAdder\PartAdder.vcxproj", "{35C20E0A-CA02-4A5F-A69C-349F2C338DFA}"
EndProject
Project("{8BC9CEB8-8B4A-11D0-8D11-00A0C91BC942}") = "AdderManager", "AdderManager\AdderManager.vcxproj", "{14AF999D-3691-46B1-9F71-9147C3B3D656}"
EndProject
Project("{8BC9CEB8-8B4A-11D0-8D11-00A0C91BC942}") = "MailSender2_1", "MailSender2_1\MailSender2_1.vcxproj", "{C3AD9F25-2743-4A2B-AD9F-2AE40F105A60}"
EndProject
Project("{8BC9CEB8-8B4A-11D0-8D11-00A0C91BC942}") = "MailSender2_2", "MailSender2_2\MailSender2_2.vcxproj", "{3D0C9FE2-453C-46EE-B4F8-8148A21DE3CF}"
EndProject
Project("{8BC9CEB8-8B4A-11D0-8D11-00A0C91BC942}") = "DuplicateHandle", "DuplicateHandle\DuplicateHandle.vcxproj", "{B4407BB4-1867-4E4B-A8A8-364D267A3D09}"
EndProject
Project("{8BC9CEB8-8B4A-11D0-8D11-00A0C91BC942}") = "DuplicateHandleChildProcess", "DuplicateHandleChildProcess\DuplicateHandleChildProcess.vcxproj", "{087EE2B4-EA9A-47BE-BA71-F28863C16D00}"
EndProject
Project("{8BC9CEB8-8B4A-11D0-8D11-00A0C91BC942}") = "Anonymous_Pipe", "Anonymous_Pipe\Anonymous_Pipe.vcxproj", "{87CAA851-5ED2-4A44-AEA6-C67F4DE42B38}"
EndProject
Project("{8BC9CEB8-8B4A-11D0-8D11-00A0C91BC942}") = "NamedPipe_Server", "NamedPipe_Server\NamedPipe_Server.vcxproj", "{AF62B664-45FF-44B5-BC0D-F4866BC0E8A8}"
EndProject
Project("{8BC9CEB8-8B4A-11D0-8D11-00A0C91BC942}") = "NamedPipe_Client", "NamedPipe_Client\NamedPipe_Client.vcxproj", "{458197C9-E51D-4F48-9B2A-8BD4206BCEB2}"
EndProject
Project("{8BC9CEB8-8B4A-11D0-8D11-00A0C91BC942}") = "EnvParent", "EnvParent\EnvParent.vcxproj", "{EBAFCAE0-5932-4C70-AF8E-B10D7E20D191}"
EndProject
Project("{8BC9CEB8-8B4A-11D0-8D11-00A0C91BC942}") = "EnvChild", "EnvChild\EnvChild.vcxproj", "{06C52681-3030-477E-B614-DC472CE93F13}"
EndProject
Project("{8BC9CEB8-8B4A-11D0-8D11-00A0C91BC942}") = "ABOVE_NORMAL_PRIORITY_CLASS", "ABOVE_NORMAL_PRIORITY_CLASS\ABOVE_NORMAL_PRIORITY_CLASS.vcxproj", "{8475BBF0-51C5-44A8-A3F7-2463390DDF11}"
EndProject
Project("{8BC9CEB8-8B4A-11D0-8D11-00A0C91BC942}") = "NORMAL_PRIORITY_CLASS", "NORMAL_PRIORITY_CLASS\NORMAL_PRIORITY_CLASS.vcxproj", "{E4D03DEF-0096-4576-A75D-65D812679189}"
EndProject
Project("{8BC9CEB8-8B4A-11D0-8D11-00A0C91BC942}") = "BELOW_NORMAL_PRIORITY_CLASS", "BELOW_NORMAL_PRIORITY_CLASS\BELOW_NORMAL_PRIORITY_CLASS.vcxproj", "{CB5543B3-26EB-456A-8974-DB4DA01971FC}"
EndProject
Project("{8BC9CEB8-8B4A-11D0-8D11-00A0C91BC942}") = "CountThread", "CountThread\CountThread.vcxproj", "{ADC329AE-E615-4084-B57C-D7DD6F673997}"
EndProject
Project("{8BC9CEB8-8B4A-11D0-8D11-00A0C91BC942}") = "ThreadAdderOne", "ThreadAdderOne\ThreadAdderOne.vcxproj", "{AE93A596-D00D-4EAE-AA85-04068DF76877}"
EndProject
Project("{8BC9CEB8-8B4A-11D0-8D11-00A0C91BC942}") = "ThreadAdderTwo", "ThreadAdderTwo\ThreadAdderTwo.vcxproj", "{D69F0357-D066-4A4A-AEE1-2E59B89F8AEA}"
EndProject
Project("{8BC9CEB8-8B4A-11D0-8D11-00A0C91BC942}") = "STRTOK", "STRTOK\STRTOK.vcxproj", "{A923F31D-B66C-4212-ABC3-CD196AE06462}"
EndProject
Project("{8BC9CEB8-8B4A-11D0-8D11-00A0C91BC942}") = "CountThreadMultiThread", "CountThreadMultiThread\CountThreadMultiThread.vcxproj", "{C129E25A-E9D6-4579-9EEF-F43D663A4FED}"
EndProject
Project("{8BC9CEB8-8B4A-11D0-8D11-00A0C91BC942}") = "SuspendCount", "SuspendCount\SuspendCount.vcxproj", "{7288BD8B-B2A0-4D90-8431-C54D2383E0F0}"
EndProject
Project("{8BC9CEB8-8B4A-11D0-8D11-00A0C91BC942}") = "CriticalSection", "CriticalSection\CriticalSection.vcxproj", "{DBFED20E-B6B2-42E5-9464-F9368123672B}"
EndProject
Project("{8BC9CEB8-8B4A-11D0-8D11-00A0C91BC942}") = "CriticalSectionSync", "CriticalSectionSync\CriticalSectionSync.vcxproj", "{5EB1B45E-AC46-4B83-9618-44F87EA46C64}"
EndProject
Project("{8BC9CEB8-8B4A-11D0-8D11-00A0C91BC942}") = "CriticalSectionSyncMutex", "CriticalSectionSyncMutex\CriticalSectionSyncMutex.vcxproj", "{3062533B-E91B-410B-A475-D340CFA5701B}"
EndProject
Project("{8BC9CEB8-8B4A-11D0-8D11-00A0C91BC942}") = "MyongDongKyoJa", "MyongDongKyoJa\MyongDongKyoJa.vcxproj", "{BC9C2433-92E0-4428-9330-0BDB04D0BF25}"
EndProject
Project("{8BC9CEB8-8B4A-11D0-8D11-00A0C91BC942}") = "NamedMutex", "NamedMutex\NamedMutex.vcxproj", "{46A6EB48-9B35-4301-B9A3-2046715C45ED}"
EndProject
Project("{8BC9CEB8-8B4A-11D0-8D11-00A0C91BC942}") = "MUTEX_WAIT_ABANDONED", "MUTEX_WAIT_ABANDONED\MUTEX_WAIT_ABANDONED.vcxproj", "{1C5B34FF-AB30-4112-B677-0D39A0BE7737}"
EndProject
Project("{8BC9CEB8-8B4A-11D0-8D11-00A0C91BC942}") = "StringEvent", "StringEvent\StringEvent.vcxproj", "{A403E9AF-716F-4902-BF5B-67D0E3B7B445}"
EndProject
Project("{8BC9CEB8-8B4A-11D0-8D11-00A0C91BC942}") = "StringEvent2", "StringEvent2\StringEvent2.vcxproj", "{452CCC01-B21B-4DD2-81D6-0510DD8A7670}"
EndProject
Project("{8BC9CEB8-8B4A-11D0-8D11-00A0C91BC942}") = "StringEvent3", "StringEvent3\StringEvent3.vcxproj", "{CAF4C7B7-A326-4278-A78A-11942B5390DB}"
EndProject
Project("{8BC9CEB8-8B4A-11D0-8D11-00A0C91BC942}") = "ManualResetTimer", "ManualResetTimer\ManualResetTimer.vcxproj", "{597EB51B-81BD-464F-ACA7-607DE1F18C01}"
EndProject
Project("{8BC9CEB8-8B4A-11D0-8D11-00A0C91BC942}") = "PeriodicTimer", "PeriodicTimer\PeriodicTimer.vcxproj", "{265FE180-E69B-48B3-AD01-890C9D0CA91E}"
EndProject
Global
	GlobalSection(SolutionConfigurationPlatforms) = preSolution
		Debug|x64 = Debug|x64
		Debug|x86 = Debug|x86
		Release|x64 = Release|x64
		Release|x86 = Release|x86
	EndGlobalSection
	GlobalSection(ProjectConfigurationPlatforms) = postSolution
		{E92B1C11-10C7-4827-AD08-C8F6E3872729}.Debug|x64.ActiveCfg = Debug|x64
		{E92B1C11-10C7-4827-AD08-C8F6E3872729}.Debug|x64.Build.0 = Debug|x64
		{E92B1C11-10C7-4827-AD08-C8F6E3872729}.Debug|x86.ActiveCfg = Debug|Win32
		{E92B1C11-10C7-4827-AD08-C8F6E3872729}.Debug|x86.Build.0 = Debug|Win32
		{E92B1C11-10C7-4827-AD08-C8F6E3872729}.Release|x64.ActiveCfg = Release|x64
		{E92B1C11-10C7-4827-AD08-C8F6E3872729}.Release|x64.Build.0 = Release|x64
		{E92B1C11-10C7-4827-AD08-C8F6E3872729}.Release|x86.ActiveCfg = Release|Win32
		{E92B1C11-10C7-4827-AD08-C8F6E3872729}.Release|x86.Build.0 = Release|Win32
		{7C0B006D-69A0-4485-8C74-2D3EB0528262}.Debug|x64.ActiveCfg = Debug|x64
		{7C0B006D-69A0-4485-8C74-2D3EB0528262}.Debug|x64.Build.0 = Debug|x64
		{7C0B006D-69A0-4485-8C74-2D3EB0528262}.Debug|x86.ActiveCfg = Debug|Win32
		{7C0B006D-69A0-4485-8C74-2D3EB0528262}.Debug|x86.Build.0 = Debug|Win32
		{7C0B006D-69A0-4485-8C74-2D3EB0528262}.Release|x64.ActiveCfg = Release|x64
		{7C0B006D-69A0-4485-8C74-2D3EB0528262}.Release|x64.Build.0 = Release|x64
		{7C0B006D-69A0-4485-8C74-2D3EB0528262}.Release|x86.ActiveCfg = Release|Win32
		{7C0B006D-69A0-4485-8C74-2D3EB0528262}.Release|x86.Build.0 = Release|Win32
		{356B2FDF-E4D9-4DB8-8B81-78758B48CF32}.Debug|x64.ActiveCfg = Debug|x64
		{356B2FDF-E4D9-4DB8-8B81-78758B48CF32}.Debug|x64.Build.0 = Debug|x64
		{356B2FDF-E4D9-4DB8-8B81-78758B48CF32}.Debug|x86.ActiveCfg = Debug|Win32
		{356B2FDF-E4D9-4DB8-8B81-78758B48CF32}.Debug|x86.Build.0 = Debug|Win32
		{356B2FDF-E4D9-4DB8-8B81-78758B48CF32}.Release|x64.ActiveCfg = Release|x64
		{356B2FDF-E4D9-4DB8-8B81-78758B48CF32}.Release|x64.Build.0 = Release|x64
		{356B2FDF-E4D9-4DB8-8B81-78758B48CF32}.Release|x86.ActiveCfg = Release|Win32
		{356B2FDF-E4D9-4DB8-8B81-78758B48CF32}.Release|x86.Build.0 = Release|Win32
		{62D51108-1115-4AB3-AEF1-60848E5AEFAC}.Debug|x64.ActiveCfg = Debug|x64
		{62D51108-1115-4AB3-AEF1-60848E5AEFAC}.Debug|x64.Build.0 = Debug|x64
		{62D51108-1115-4AB3-AEF1-60848E5AEFAC}.Debug|x86.ActiveCfg = Debug|Win32
		{62D51108-1115-4AB3-AEF1-60848E5AEFAC}.Debug|x86.Build.0 = Debug|Win32
		{62D51108-1115-4AB3-AEF1-60848E5AEFAC}.Release|x64.ActiveCfg = Release|x64
		{62D51108-1115-4AB3-AEF1-60848E5AEFAC}.Release|x64.Build.0 = Release|x64
		{62D51108-1115-4AB3-AEF1-60848E5AEFAC}.Release|x86.ActiveCfg = Release|Win32
		{62D51108-1115-4AB3-AEF1-60848E5AEFAC}.Release|x86.Build.0 = Release|Win32
		{95DED19F-F025-4A2F-A654-2D8C73D3D0D1}.Debug|x64.ActiveCfg = Debug|x64
		{95DED19F-F025-4A2F-A654-2D8C73D3D0D1}.Debug|x64.Build.0 = Debug|x64
		{95DED19F-F025-4A2F-A654-2D8C73D3D0D1}.Debug|x86.ActiveCfg = Debug|Win32
		{95DED19F-F025-4A2F-A654-2D8C73D3D0D1}.Debug|x86.Build.0 = Debug|Win32
		{95DED19F-F025-4A2F-A654-2D8C73D3D0D1}.Release|x64.ActiveCfg = Release|x64
		{95DED19F-F025-4A2F-A654-2D8C73D3D0D1}.Release|x64.Build.0 = Release|x64
		{95DED19F-F025-4A2F-A654-2D8C73D3D0D1}.Release|x86.ActiveCfg = Release|Win32
		{95DED19F-F025-4A2F-A654-2D8C73D3D0D1}.Release|x86.Build.0 = Release|Win32
		{8436947A-FCF9-4551-BDBB-FDB741952438}.Debug|x64.ActiveCfg = Debug|x64
		{8436947A-FCF9-4551-BDBB-FDB741952438}.Debug|x64.Build.0 = Debug|x64
		{8436947A-FCF9-4551-BDBB-FDB741952438}.Debug|x86.ActiveCfg = Debug|Win32
		{8436947A-FCF9-4551-BDBB-FDB741952438}.Debug|x86.Build.0 = Debug|Win32
		{8436947A-FCF9-4551-BDBB-FDB741952438}.Release|x64.ActiveCfg = Release|x64
		{8436947A-FCF9-4551-BDBB-FDB741952438}.Release|x64.Build.0 = Release|x64
		{8436947A-FCF9-4551-BDBB-FDB741952438}.Release|x86.ActiveCfg = Release|Win32
		{8436947A-FCF9-4551-BDBB-FDB741952438}.Release|x86.Build.0 = Release|Win32
		{E09629CA-A2E2-4E25-853F-C6204219325E}.Debug|x64.ActiveCfg = Debug|x64
		{E09629CA-A2E2-4E25-853F-C6204219325E}.Debug|x64.Build.0 = Debug|x64
		{E09629CA-A2E2-4E25-853F-C6204219325E}.Debug|x86.ActiveCfg = Debug|Win32
		{E09629CA-A2E2-4E25-853F-C6204219325E}.Debug|x86.Build.0 = Debug|Win32
		{E09629CA-A2E2-4E25-853F-C6204219325E}.Release|x64.ActiveCfg = Release|x64
		{E09629CA-A2E2-4E25-853F-C6204219325E}.Release|x64.Build.0 = Release|x64
		{E09629CA-A2E2-4E25-853F-C6204219325E}.Release|x86.ActiveCfg = Release|Win32
		{E09629CA-A2E2-4E25-853F-C6204219325E}.Release|x86.Build.0 = Release|Win32
		{82A71CE5-2031-4389-AAF3-F9A238CA94D7}.Debug|x64.ActiveCfg = Debug|x64
		{82A71CE5-2031-4389-AAF3-F9A238CA94D7}.Debug|x64.Build.0 = Debug|x64
		{82A71CE5-2031-4389-AAF3-F9A238CA94D7}.Debug|x86.ActiveCfg = Debug|Win32
		{82A71CE5-2031-4389-AAF3-F9A238CA94D7}.Debug|x86.Build.0 = Debug|Win32
		{82A71CE5-2031-4389-AAF3-F9A238CA94D7}.Release|x64.ActiveCfg = Release|x64
		{82A71CE5-2031-4389-AAF3-F9A238CA94D7}.Release|x64.Build.0 = Release|x64
		{82A71CE5-2031-4389-AAF3-F9A238CA94D7}.Release|x86.ActiveCfg = Release|Win32
		{82A71CE5-2031-4389-AAF3-F9A238CA94D7}.Release|x86.Build.0 = Release|Win32
		{2D12FD2E-814C-4B9E-959B-E8FDD4A9AF87}.Debug|x64.ActiveCfg = Debug|x64
		{2D12FD2E-814C-4B9E-959B-E8FDD4A9AF87}.Debug|x64.Build.0 = Debug|x64
		{2D12FD2E-814C-4B9E-959B-E8FDD4A9AF87}.Debug|x86.ActiveCfg = Debug|Win32
		{2D12FD2E-814C-4B9E-959B-E8FDD4A9AF87}.Debug|x86.Build.0 = Debug|Win32
		{2D12FD2E-814C-4B9E-959B-E8FDD4A9AF87}.Release|x64.ActiveCfg = Release|x64
		{2D12FD2E-814C-4B9E-959B-E8FDD4A9AF87}.Release|x64.Build.0 = Release|x64
		{2D12FD2E-814C-4B9E-959B-E8FDD4A9AF87}.Release|x86.ActiveCfg = Release|Win32
		{2D12FD2E-814C-4B9E-959B-E8FDD4A9AF87}.Release|x86.Build.0 = Release|Win32
		{B9D67951-BCAA-4CB6-8306-EB64053C8FD1}.Debug|x64.ActiveCfg = Debug|x64
		{B9D67951-BCAA-4CB6-8306-EB64053C8FD1}.Debug|x64.Build.0 = Debug|x64
		{B9D67951-BCAA-4CB6-8306-EB64053C8FD1}.Debug|x86.ActiveCfg = Debug|Win32
		{B9D67951-BCAA-4CB6-8306-EB64053C8FD1}.Debug|x86.Build.0 = Debug|Win32
		{B9D67951-BCAA-4CB6-8306-EB64053C8FD1}.Release|x64.ActiveCfg = Release|x64
		{B9D67951-BCAA-4CB6-8306-EB64053C8FD1}.Release|x64.Build.0 = Release|x64
		{B9D67951-BCAA-4CB6-8306-EB64053C8FD1}.Release|x86.ActiveCfg = Release|Win32
		{B9D67951-BCAA-4CB6-8306-EB64053C8FD1}.Release|x86.Build.0 = Release|Win32
		{69B06AF4-767E-4386-B25E-9D6692F8B7B5}.Debug|x64.ActiveCfg = Debug|x64
		{69B06AF4-767E-4386-B25E-9D6692F8B7B5}.Debug|x64.Build.0 = Debug|x64
		{69B06AF4-767E-4386-B25E-9D6692F8B7B5}.Debug|x86.ActiveCfg = Debug|Win32
		{69B06AF4-767E-4386-B25E-9D6692F8B7B5}.Debug|x86.Build.0 = Debug|Win32
		{69B06AF4-767E-4386-B25E-9D6692F8B7B5}.Release|x64.ActiveCfg = Release|x64
		{69B06AF4-767E-4386-B25E-9D6692F8B7B5}.Release|x64.Build.0 = Release|x64
		{69B06AF4-767E-4386-B25E-9D6692F8B7B5}.Release|x86.ActiveCfg = Release|Win32
		{69B06AF4-767E-4386-B25E-9D6692F8B7B5}.Release|x86.Build.0 = Release|Win32
		{D32EDC4B-6948-44A3-A42D-7157146F5A47}.Debug|x64.ActiveCfg = Debug|x64
		{D32EDC4B-6948-44A3-A42D-7157146F5A47}.Debug|x64.Build.0 = Debug|x64
		{D32EDC4B-6948-44A3-A42D-7157146F5A47}.Debug|x86.ActiveCfg = Debug|Win32
		{D32EDC4B-6948-44A3-A42D-7157146F5A47}.Debug|x86.Build.0 = Debug|Win32
		{D32EDC4B-6948-44A3-A42D-7157146F5A47}.Release|x64.ActiveCfg = Release|x64
		{D32EDC4B-6948-44A3-A42D-7157146F5A47}.Release|x64.Build.0 = Release|x64
		{D32EDC4B-6948-44A3-A42D-7157146F5A47}.Release|x86.ActiveCfg = Release|Win32
		{D32EDC4B-6948-44A3-A42D-7157146F5A47}.Release|x86.Build.0 = Release|Win32
		{12BA52E1-FC48-41EE-865C-380E1D8CBB8D}.Debug|x64.ActiveCfg = Debug|x64
		{12BA52E1-FC48-41EE-865C-380E1D8CBB8D}.Debug|x64.Build.0 = Debug|x64
		{12BA52E1-FC48-41EE-865C-380E1D8CBB8D}.Debug|x86.ActiveCfg = Debug|Win32
		{12BA52E1-FC48-41EE-865C-380E1D8CBB8D}.Debug|x86.Build.0 = Debug|Win32
		{12BA52E1-FC48-41EE-865C-380E1D8CBB8D}.Release|x64.ActiveCfg = Release|x64
		{12BA52E1-FC48-41EE-865C-380E1D8CBB8D}.Release|x64.Build.0 = Release|x64
		{12BA52E1-FC48-41EE-865C-380E1D8CBB8D}.Release|x86.ActiveCfg = Release|Win32
		{12BA52E1-FC48-41EE-865C-380E1D8CBB8D}.Release|x86.Build.0 = Release|Win32
		{35C20E0A-CA02-4A5F-A69C-349F2C338DFA}.Debug|x64.ActiveCfg = Debug|x64
		{35C20E0A-CA02-4A5F-A69C-349F2C338DFA}.Debug|x64.Build.0 = Debug|x64
		{35C20E0A-CA02-4A5F-A69C-349F2C338DFA}.Debug|x86.ActiveCfg = Debug|Win32
		{35C20E0A-CA02-4A5F-A69C-349F2C338DFA}.Debug|x86.Build.0 = Debug|Win32
		{35C20E0A-CA02-4A5F-A69C-349F2C338DFA}.Release|x64.ActiveCfg = Release|x64
		{35C20E0A-CA02-4A5F-A69C-349F2C338DFA}.Release|x64.Build.0 = Release|x64
		{35C20E0A-CA02-4A5F-A69C-349F2C338DFA}.Release|x86.ActiveCfg = Release|Win32
		{35C20E0A-CA02-4A5F-A69C-349F2C338DFA}.Release|x86.Build.0 = Release|Win32
		{14AF999D-3691-46B1-9F71-9147C3B3D656}.Debug|x64.ActiveCfg = Debug|x64
		{14AF999D-3691-46B1-9F71-9147C3B3D656}.Debug|x64.Build.0 = Debug|x64
		{14AF999D-3691-46B1-9F71-9147C3B3D656}.Debug|x86.ActiveCfg = Debug|Win32
		{14AF999D-3691-46B1-9F71-9147C3B3D656}.Debug|x86.Build.0 = Debug|Win32
		{14AF999D-3691-46B1-9F71-9147C3B3D656}.Release|x64.ActiveCfg = Release|x64
		{14AF999D-3691-46B1-9F71-9147C3B3D656}.Release|x64.Build.0 = Release|x64
		{14AF999D-3691-46B1-9F71-9147C3B3D656}.Release|x86.ActiveCfg = Release|Win32
		{14AF999D-3691-46B1-9F71-9147C3B3D656}.Release|x86.Build.0 = Release|Win32
		{C3AD9F25-2743-4A2B-AD9F-2AE40F105A60}.Debug|x64.ActiveCfg = Debug|x64
		{C3AD9F25-2743-4A2B-AD9F-2AE40F105A60}.Debug|x64.Build.0 = Debug|x64
		{C3AD9F25-2743-4A2B-AD9F-2AE40F105A60}.Debug|x86.ActiveCfg = Debug|Win32
		{C3AD9F25-2743-4A2B-AD9F-2AE40F105A60}.Debug|x86.Build.0 = Debug|Win32
		{C3AD9F25-2743-4A2B-AD9F-2AE40F105A60}.Release|x64.ActiveCfg = Release|x64
		{C3AD9F25-2743-4A2B-AD9F-2AE40F105A60}.Release|x64.Build.0 = Release|x64
		{C3AD9F25-2743-4A2B-AD9F-2AE40F105A60}.Release|x86.ActiveCfg = Release|Win32
		{C3AD9F25-2743-4A2B-AD9F-2AE40F105A60}.Release|x86.Build.0 = Release|Win32
		{3D0C9FE2-453C-46EE-B4F8-8148A21DE3CF}.Debug|x64.ActiveCfg = Debug|x64
		{3D0C9FE2-453C-46EE-B4F8-8148A21DE3CF}.Debug|x64.Build.0 = Debug|x64
		{3D0C9FE2-453C-46EE-B4F8-8148A21DE3CF}.Debug|x86.ActiveCfg = Debug|Win32
		{3D0C9FE2-453C-46EE-B4F8-8148A21DE3CF}.Debug|x86.Build.0 = Debug|Win32
		{3D0C9FE2-453C-46EE-B4F8-8148A21DE3CF}.Release|x64.ActiveCfg = Release|x64
		{3D0C9FE2-453C-46EE-B4F8-8148A21DE3CF}.Release|x64.Build.0 = Release|x64
		{3D0C9FE2-453C-46EE-B4F8-8148A21DE3CF}.Release|x86.ActiveCfg = Release|Win32
		{3D0C9FE2-453C-46EE-B4F8-8148A21DE3CF}.Release|x86.Build.0 = Release|Win32
		{B4407BB4-1867-4E4B-A8A8-364D267A3D09}.Debug|x64.ActiveCfg = Debug|x64
		{B4407BB4-1867-4E4B-A8A8-364D267A3D09}.Debug|x64.Build.0 = Debug|x64
		{B4407BB4-1867-4E4B-A8A8-364D267A3D09}.Debug|x86.ActiveCfg = Debug|Win32
		{B4407BB4-1867-4E4B-A8A8-364D267A3D09}.Debug|x86.Build.0 = Debug|Win32
		{B4407BB4-1867-4E4B-A8A8-364D267A3D09}.Release|x64.ActiveCfg = Release|x64
		{B4407BB4-1867-4E4B-A8A8-364D267A3D09}.Release|x64.Build.0 = Release|x64
		{B4407BB4-1867-4E4B-A8A8-364D267A3D09}.Release|x86.ActiveCfg = Release|Win32
		{B4407BB4-1867-4E4B-A8A8-364D267A3D09}.Release|x86.Build.0 = Release|Win32
		{087EE2B4-EA9A-47BE-BA71-F28863C16D00}.Debug|x64.ActiveCfg = Debug|x64
		{087EE2B4-EA9A-47BE-BA71-F28863C16D00}.Debug|x64.Build.0 = Debug|x64
		{087EE2B4-EA9A-47BE-BA71-F28863C16D00}.Debug|x86.ActiveCfg = Debug|Win32
		{087EE2B4-EA9A-47BE-BA71-F28863C16D00}.Debug|x86.Build.0 = Debug|Win32
		{087EE2B4-EA9A-47BE-BA71-F28863C16D00}.Release|x64.ActiveCfg = Release|x64
		{087EE2B4-EA9A-47BE-BA71-F28863C16D00}.Release|x64.Build.0 = Release|x64
		{087EE2B4-EA9A-47BE-BA71-F28863C16D00}.Release|x86.ActiveCfg = Release|Win32
		{087EE2B4-EA9A-47BE-BA71-F28863C16D00}.Release|x86.Build.0 = Release|Win32
		{87CAA851-5ED2-4A44-AEA6-C67F4DE42B38}.Debug|x64.ActiveCfg = Debug|x64
		{87CAA851-5ED2-4A44-AEA6-C67F4DE42B38}.Debug|x64.Build.0 = Debug|x64
		{87CAA851-5ED2-4A44-AEA6-C67F4DE42B38}.Debug|x86.ActiveCfg = Debug|Win32
		{87CAA851-5ED2-4A44-AEA6-C67F4DE42B38}.Debug|x86.Build.0 = Debug|Win32
		{87CAA851-5ED2-4A44-AEA6-C67F4DE42B38}.Release|x64.ActiveCfg = Release|x64
		{87CAA851-5ED2-4A44-AEA6-C67F4DE42B38}.Release|x64.Build.0 = Release|x64
		{87CAA851-5ED2-4A44-AEA6-C67F4DE42B38}.Release|x86.ActiveCfg = Release|Win32
		{87CAA851-5ED2-4A44-AEA6-C67F4DE42B38}.Release|x86.Build.0 = Release|Win32
		{AF62B664-45FF-44B5-BC0D-F4866BC0E8A8}.Debug|x64.ActiveCfg = Debug|x64
		{AF62B664-45FF-44B5-BC0D-F4866BC0E8A8}.Debug|x64.Build.0 = Debug|x64
		{AF62B664-45FF-44B5-BC0D-F4866BC0E8A8}.Debug|x86.ActiveCfg = Debug|Win32
		{AF62B664-45FF-44B5-BC0D-F4866BC0E8A8}.Debug|x86.Build.0 = Debug|Win32
		{AF62B664-45FF-44B5-BC0D-F4866BC0E8A8}.Release|x64.ActiveCfg = Release|x64
		{AF62B664-45FF-44B5-BC0D-F4866BC0E8A8}.Release|x64.Build.0 = Release|x64
		{AF62B664-45FF-44B5-BC0D-F4866BC0E8A8}.Release|x86.ActiveCfg = Release|Win32
		{AF62B664-45FF-44B5-BC0D-F4866BC0E8A8}.Release|x86.Build.0 = Release|Win32
		{458197C9-E51D-4F48-9B2A-8BD4206BCEB2}.Debug|x64.ActiveCfg = Debug|x64
		{458197C9-E51D-4F48-9B2A-8BD4206BCEB2}.Debug|x64.Build.0 = Debug|x64
		{458197C9-E51D-4F48-9B2A-8BD4206BCEB2}.Debug|x86.ActiveCfg = Debug|Win32
		{458197C9-E51D-4F48-9B2A-8BD4206BCEB2}.Debug|x86.Build.0 = Debug|Win32
		{458197C9-E51D-4F48-9B2A-8BD4206BCEB2}.Release|x64.ActiveCfg = Release|x64
		{458197C9-E51D-4F48-9B2A-8BD4206BCEB2}.Release|x64.Build.0 = Release|x64
		{458197C9-E51D-4F48-9B2A-8BD4206BCEB2}.Release|x86.ActiveCfg = Release|Win32
		{458197C9-E51D-4F48-9B2A-8BD4206BCEB2}.Release|x86.Build.0 = Release|Win32
		{EBAFCAE0-5932-4C70-AF8E-B10D7E20D191}.Debug|x64.ActiveCfg = Debug|x64
		{EBAFCAE0-5932-4C70-AF8E-B10D7E20D191}.Debug|x64.Build.0 = Debug|x64
		{EBAFCAE0-5932-4C70-AF8E-B10D7E20D191}.Debug|x86.ActiveCfg = Debug|Win32
		{EBAFCAE0-5932-4C70-AF8E-B10D7E20D191}.Debug|x86.Build.0 = Debug|Win32
		{EBAFCAE0-5932-4C70-AF8E-B10D7E20D191}.Release|x64.ActiveCfg = Release|x64
		{EBAFCAE0-5932-4C70-AF8E-B10D7E20D191}.Release|x64.Build.0 = Release|x64
		{EBAFCAE0-5932-4C70-AF8E-B10D7E20D191}.Release|x86.ActiveCfg = Release|Win32
		{EBAFCAE0-5932-4C70-AF8E-B10D7E20D191}.Release|x86.Build.0 = Release|Win32
		{06C52681-3030-477E-B614-DC472CE93F13}.Debug|x64.ActiveCfg = Debug|x64
		{06C52681-3030-477E-B614-DC472CE93F13}.Debug|x64.Build.0 = Debug|x64
		{06C52681-3030-477E-B614-DC472CE93F13}.Debug|x86.ActiveCfg = Debug|Win32
		{06C52681-3030-477E-B614-DC472CE93F13}.Debug|x86.Build.0 = Debug|Win32
		{06C52681-3030-477E-B614-DC472CE93F13}.Release|x64.ActiveCfg = Release|x64
		{06C52681-3030-477E-B614-DC472CE93F13}.Release|x64.Build.0 = Release|x64
		{06C52681-3030-477E-B614-DC472CE93F13}.Release|x86.ActiveCfg = Release|Win32
		{06C52681-3030-477E-B614-DC472CE93F13}.Release|x86.Build.0 = Release|Win32
		{8475BBF0-51C5-44A8-A3F7-2463390DDF11}.Debug|x64.ActiveCfg = Debug|x64
		{8475BBF0-51C5-44A8-A3F7-2463390DDF11}.Debug|x64.Build.0 = Debug|x64
		{8475BBF0-51C5-44A8-A3F7-2463390DDF11}.Debug|x86.ActiveCfg = Debug|Win32
		{8475BBF0-51C5-44A8-A3F7-2463390DDF11}.Debug|x86.Build.0 = Debug|Win32
		{8475BBF0-51C5-44A8-A3F7-2463390DDF11}.Release|x64.ActiveCfg = Release|x64
		{8475BBF0-51C5-44A8-A3F7-2463390DDF11}.Release|x64.Build.0 = Release|x64
		{8475BBF0-51C5-44A8-A3F7-2463390DDF11}.Release|x86.ActiveCfg = Release|Win32
		{8475BBF0-51C5-44A8-A3F7-2463390DDF11}.Release|x86.Build.0 = Release|Win32
		{E4D03DEF-0096-4576-A75D-65D812679189}.Debug|x64.ActiveCfg = Debug|x64
		{E4D03DEF-0096-4576-A75D-65D812679189}.Debug|x64.Build.0 = Debug|x64
		{E4D03DEF-0096-4576-A75D-65D812679189}.Debug|x86.ActiveCfg = Debug|Win32
		{E4D03DEF-0096-4576-A75D-65D812679189}.Debug|x86.Build.0 = Debug|Win32
		{E4D03DEF-0096-4576-A75D-65D812679189}.Release|x64.ActiveCfg = Release|x64
		{E4D03DEF-0096-4576-A75D-65D812679189}.Release|x64.Build.0 = Release|x64
		{E4D03DEF-0096-4576-A75D-65D812679189}.Release|x86.ActiveCfg = Release|Win32
		{E4D03DEF-0096-4576-A75D-65D812679189}.Release|x86.Build.0 = Release|Win32
		{CB5543B3-26EB-456A-8974-DB4DA01971FC}.Debug|x64.ActiveCfg = Debug|x64
		{CB5543B3-26EB-456A-8974-DB4DA01971FC}.Debug|x64.Build.0 = Debug|x64
		{CB5543B3-26EB-456A-8974-DB4DA01971FC}.Debug|x86.ActiveCfg = Debug|Win32
		{CB5543B3-26EB-456A-8974-DB4DA01971FC}.Debug|x86.Build.0 = Debug|Win32
		{CB5543B3-26EB-456A-8974-DB4DA01971FC}.Release|x64.ActiveCfg = Release|x64
		{CB5543B3-26EB-456A-8974-DB4DA01971FC}.Release|x64.Build.0 = Release|x64
		{CB5543B3-26EB-456A-8974-DB4DA01971FC}.Release|x86.ActiveCfg = Release|Win32
		{CB5543B3-26EB-456A-8974-DB4DA01971FC}.Release|x86.Build.0 = Release|Win32
		{ADC329AE-E615-4084-B57C-D7DD6F673997}.Debug|x64.ActiveCfg = Debug|x64
		{ADC329AE-E615-4084-B57C-D7DD6F673997}.Debug|x64.Build.0 = Debug|x64
		{ADC329AE-E615-4084-B57C-D7DD6F673997}.Debug|x86.ActiveCfg = Debug|Win32
		{ADC329AE-E615-4084-B57C-D7DD6F673997}.Debug|x86.Build.0 = Debug|Win32
		{ADC329AE-E615-4084-B57C-D7DD6F673997}.Release|x64.ActiveCfg = Release|x64
		{ADC329AE-E615-4084-B57C-D7DD6F673997}.Release|x64.Build.0 = Release|x64
		{ADC329AE-E615-4084-B57C-D7DD6F673997}.Release|x86.ActiveCfg = Release|Win32
		{ADC329AE-E615-4084-B57C-D7DD6F673997}.Release|x86.Build.0 = Release|Win32
		{AE93A596-D00D-4EAE-AA85-04068DF76877}.Debug|x64.ActiveCfg = Debug|x64
		{AE93A596-D00D-4EAE-AA85-04068DF76877}.Debug|x64.Build.0 = Debug|x64
		{AE93A596-D00D-4EAE-AA85-04068DF76877}.Debug|x86.ActiveCfg = Debug|Win32
		{AE93A596-D00D-4EAE-AA85-04068DF76877}.Debug|x86.Build.0 = Debug|Win32
		{AE93A596-D00D-4EAE-AA85-04068DF76877}.Release|x64.ActiveCfg = Release|x64
		{AE93A596-D00D-4EAE-AA85-04068DF76877}.Release|x64.Build.0 = Release|x64
		{AE93A596-D00D-4EAE-AA85-04068DF76877}.Release|x86.ActiveCfg = Release|Win32
		{AE93A596-D00D-4EAE-AA85-04068DF76877}.Release|x86.Build.0 = Release|Win32
		{D69F0357-D066-4A4A-AEE1-2E59B89F8AEA}.Debug|x64.ActiveCfg = Debug|x64
		{D69F0357-D066-4A4A-AEE1-2E59B89F8AEA}.Debug|x64.Build.0 = Debug|x64
		{D69F0357-D066-4A4A-AEE1-2E59B89F8AEA}.Debug|x86.ActiveCfg = Debug|Win32
		{D69F0357-D066-4A4A-AEE1-2E59B89F8AEA}.Debug|x86.Build.0 = Debug|Win32
		{D69F0357-D066-4A4A-AEE1-2E59B89F8AEA}.Release|x64.ActiveCfg = Release|x64
		{D69F0357-D066-4A4A-AEE1-2E59B89F8AEA}.Release|x64.Build.0 = Release|x64
		{D69F0357-D066-4A4A-AEE1-2E59B89F8AEA}.Release|x86.ActiveCfg = Release|Win32
		{D69F0357-D066-4A4A-AEE1-2E59B89F8AEA}.Release|x86.Build.0 = Release|Win32
		{A923F31D-B66C-4212-ABC3-CD196AE06462}.Debug|x64.ActiveCfg = Debug|x64
		{A923F31D-B66C-4212-ABC3-CD196AE06462}.Debug|x64.Build.0 = Debug|x64
		{A923F31D-B66C-4212-ABC3-CD196AE06462}.Debug|x86.ActiveCfg = Debug|Win32
		{A923F31D-B66C-4212-ABC3-CD196AE06462}.Debug|x86.Build.0 = Debug|Win32
		{A923F31D-B66C-4212-ABC3-CD196AE06462}.Release|x64.ActiveCfg = Release|x64
		{A923F31D-B66C-4212-ABC3-CD196AE06462}.Release|x64.Build.0 = Release|x64
		{A923F31D-B66C-4212-ABC3-CD196AE06462}.Release|x86.ActiveCfg = Release|Win32
		{A923F31D-B66C-4212-ABC3-CD196AE06462}.Release|x86.Build.0 = Release|Win32
		{C129E25A-E9D6-4579-9EEF-F43D663A4FED}.Debug|x64.ActiveCfg = Debug|x64
		{C129E25A-E9D6-4579-9EEF-F43D663A4FED}.Debug|x64.Build.0 = Debug|x64
		{C129E25A-E9D6-4579-9EEF-F43D663A4FED}.Debug|x86.ActiveCfg = Debug|Win32
		{C129E25A-E9D6-4579-9EEF-F43D663A4FED}.Debug|x86.Build.0 = Debug|Win32
		{C129E25A-E9D6-4579-9EEF-F43D663A4FED}.Release|x64.ActiveCfg = Release|x64
		{C129E25A-E9D6-4579-9EEF-F43D663A4FED}.Release|x64.Build.0 = Release|x64
		{C129E25A-E9D6-4579-9EEF-F43D663A4FED}.Release|x86.ActiveCfg = Release|Win32
		{C129E25A-E9D6-4579-9EEF-F43D663A4FED}.Release|x86.Build.0 = Release|Win32
		{7288BD8B-B2A0-4D90-8431-C54D2383E0F0}.Debug|x64.ActiveCfg = Debug|x64
		{7288BD8B-B2A0-4D90-8431-C54D2383E0F0}.Debug|x64.Build.0 = Debug|x64
		{7288BD8B-B2A0-4D90-8431-C54D2383E0F0}.Debug|x86.ActiveCfg = Debug|Win32
		{7288BD8B-B2A0-4D90-8431-C54D2383E0F0}.Debug|x86.Build.0 = Debug|Win32
		{7288BD8B-B2A0-4D90-8431-C54D2383E0F0}.Release|x64.ActiveCfg = Release|x64
		{7288BD8B-B2A0-4D90-8431-C54D2383E0F0}.Release|x64.Build.0 = Release|x64
		{7288BD8B-B2A0-4D90-8431-C54D2383E0F0}.Release|x86.ActiveCfg = Release|Win32
		{7288BD8B-B2A0-4D90-8431-C54D2383E0F0}.Release|x86.Build.0 = Release|Win32
		{DBFED20E-B6B2-42E5-9464-F9368123672B}.Debug|x64.ActiveCfg = Debug|x64
		{DBFED20E-B6B2-42E5-9464-F9368123672B}.Debug|x64.Build.0 = Debug|x64
		{DBFED20E-B6B2-42E5-9464-F9368123672B}.Debug|x86.ActiveCfg = Debug|Win32
		{DBFED20E-B6B2-42E5-9464-F9368123672B}.Debug|x86.Build.0 = Debug|Win32
		{DBFED20E-B6B2-42E5-9464-F9368123672B}.Release|x64.ActiveCfg = Release|x64
		{DBFED20E-B6B2-42E5-9464-F9368123672B}.Release|x64.Build.0 = Release|x64
		{DBFED20E-B6B2-42E5-9464-F9368123672B}.Release|x86.ActiveCfg = Release|Win32
		{DBFED20E-B6B2-42E5-9464-F9368123672B}.Release|x86.Build.0 = Release|Win32
		{5EB1B45E-AC46-4B83-9618-44F87EA46C64}.Debug|x64.ActiveCfg = Debug|x64
		{5EB1B45E-AC46-4B83-9618-44F87EA46C64}.Debug|x64.Build.0 = Debug|x64
		{5EB1B45E-AC46-4B83-9618-44F87EA46C64}.Debug|x86.ActiveCfg = Debug|Win32
		{5EB1B45E-AC46-4B83-9618-44F87EA46C64}.Debug|x86.Build.0 = Debug|Win32
		{5EB1B45E-AC46-4B83-9618-44F87EA46C64}.Release|x64.ActiveCfg = Release|x64
		{5EB1B45E-AC46-4B83-9618-44F87EA46C64}.Release|x64.Build.0 = Release|x64
		{5EB1B45E-AC46-4B83-9618-44F87EA46C64}.Release|x86.ActiveCfg = Release|Win32
		{5EB1B45E-AC46-4B83-9618-44F87EA46C64}.Release|x86.Build.0 = Release|Win32
		{3062533B-E91B-410B-A475-D340CFA5701B}.Debug|x64.ActiveCfg = Debug|x64
		{3062533B-E91B-410B-A475-D340CFA5701B}.Debug|x64.Build.0 = Debug|x64
		{3062533B-E91B-410B-A475-D340CFA5701B}.Debug|x86.ActiveCfg = Debug|Win32
		{3062533B-E91B-410B-A475-D340CFA5701B}.Debug|x86.Build.0 = Debug|Win32
		{3062533B-E91B-410B-A475-D340CFA5701B}.Release|x64.ActiveCfg = Release|x64
		{3062533B-E91B-410B-A475-D340CFA5701B}.Release|x64.Build.0 = Release|x64
		{3062533B-E91B-410B-A475-D340CFA5701B}.Release|x86.ActiveCfg = Release|Win32
		{3062533B-E91B-410B-A475-D340CFA5701B}.Release|x86.Build.0 = Release|Win32
		{BC9C2433-92E0-4428-9330-0BDB04D0BF25}.Debug|x64.ActiveCfg = Debug|x64
		{BC9C2433-92E0-4428-9330-0BDB04D0BF25}.Debug|x64.Build.0 = Debug|x64
		{BC9C2433-92E0-4428-9330-0BDB04D0BF25}.Debug|x86.ActiveCfg = Debug|Win32
		{BC9C2433-92E0-4428-9330-0BDB04D0BF25}.Debug|x86.Build.0 = Debug|Win32
		{BC9C2433-92E0-4428-9330-0BDB04D0BF25}.Release|x64.ActiveCfg = Release|x64
		{BC9C2433-92E0-4428-9330-0BDB04D0BF25}.Release|x64.Build.0 = Release|x64
		{BC9C2433-92E0-4428-9330-0BDB04D0BF25}.Release|x86.ActiveCfg = Release|Win32
		{BC9C2433-92E0-4428-9330-0BDB04D0BF25}.Release|x86.Build.0 = Release|Win32
		{46A6EB48-9B35-4301-B9A3-2046715C45ED}.Debug|x64.ActiveCfg = Debug|x64
		{46A6EB48-9B35-4301-B9A3-2046715C45ED}.Debug|x64.Build.0 = Debug|x64
		{46A6EB48-9B35-4301-B9A3-2046715C45ED}.Debug|x86.ActiveCfg = Debug|Win32
		{46A6EB48-9B35-4301-B9A3-2046715C45ED}.Debug|x86.Build.0 = Debug|Win32
		{46A6EB48-9B35-4301-B9A3-2046715C45ED}.Release|x64.ActiveCfg = Release|x64
		{46A6EB48-9B35-4301-B9A3-2046715C45ED}.Release|x64.Build.0 = Release|x64
		{46A6EB48-9B35-4301-B9A3-2046715C45ED}.Release|x86.ActiveCfg = Release|Win32
		{46A6EB48-9B35-4301-B9A3-2046715C45ED}.Release|x86.Build.0 = Release|Win32
		{1C5B34FF-AB30-4112-B677-0D39A0BE7737}.Debug|x64.ActiveCfg = Debug|x64
		{1C5B34FF-AB30-4112-B677-0D39A0BE7737}.Debug|x64.Build.0 = Debug|x64
		{1C5B34FF-AB30-4112-B677-0D39A0BE7737}.Debug|x86.ActiveCfg = Debug|Win32
		{1C5B34FF-AB30-4112-B677-0D39A0BE7737}.Debug|x86.Build.0 = Debug|Win32
		{1C5B34FF-AB30-4112-B677-0D39A0BE7737}.Release|x64.ActiveCfg = Release|x64
		{1C5B34FF-AB30-4112-B677-0D39A0BE7737}.Release|x64.Build.0 = Release|x64
		{1C5B34FF-AB30-4112-B677-0D39A0BE7737}.Release|x86.ActiveCfg = Release|Win32
		{1C5B34FF-AB30-4112-B677-0D39A0BE7737}.Release|x86.Build.0 = Release|Win32
		{A403E9AF-716F-4902-BF5B-67D0E3B7B445}.Debug|x64.ActiveCfg = Debug|x64
		{A403E9AF-716F-4902-BF5B-67D0E3B7B445}.Debug|x64.Build.0 = Debug|x64
		{A403E9AF-716F-4902-BF5B-67D0E3B7B445}.Debug|x86.ActiveCfg = Debug|Win32
		{A403E9AF-716F-4902-BF5B-67D0E3B7B445}.Debug|x86.Build.0 = Debug|Win32
		{A403E9AF-716F-4902-BF5B-67D0E3B7B445}.Release|x64.ActiveCfg = Release|x64
		{A403E9AF-716F-4902-BF5B-67D0E3B7B445}.Release|x64.Build.0 = Release|x64
		{A403E9AF-716F-4902-BF5B-67D0E3B7B445}.Release|x86.ActiveCfg = Release|Win32
		{A403E9AF-716F-4902-BF5B-67D0E3B7B445}.Release|x86.Build.0 = Release|Win32
		{452CCC01-B21B-4DD2-81D6-0510DD8A7670}.Debug|x64.ActiveCfg = Debug|x64
		{452CCC01-B21B-4DD2-81D6-0510DD8A7670}.Debug|x64.Build.0 = Debug|x64
		{452CCC01-B21B-4DD2-81D6-0510DD8A7670}.Debug|x86.ActiveCfg = Debug|Win32
		{452CCC01-B21B-4DD2-81D6-0510DD8A7670}.Debug|x86.Build.0 = Debug|Win32
		{452CCC01-B21B-4DD2-81D6-0510DD8A7670}.Release|x64.ActiveCfg = Release|x64
		{452CCC01-B21B-4DD2-81D6-0510DD8A7670}.Release|x64.Build.0 = Release|x64
		{452CCC01-B21B-4DD2-81D6-0510DD8A7670}.Release|x86.ActiveCfg = Release|Win32
		{452CCC01-B21B-4DD2-81D6-0510DD8A7670}.Release|x86.Build.0 = Release|Win32
		{CAF4C7B7-A326-4278-A78A-11942B5390DB}.Debug|x64.ActiveCfg = Debug|x64
		{CAF4C7B7-A326-4278-A78A-11942B5390DB}.Debug|x64.Build.0 = Debug|x64
		{CAF4C7B7-A326-4278-A78A-11942B5390DB}.Debug|x86.ActiveCfg = Debug|Win32
		{CAF4C7B7-A326-4278-A78A-11942B5390DB}.Debug|x86.Build.0 = Debug|Win32
		{CAF4C7B7-A326-4278-A78A-11942B5390DB}.Release|x64.ActiveCfg = Release|x64
		{CAF4C7B7-A326-4278-A78A-11942B5390DB}.Release|x64.Build.0 = Release|x64
		{CAF4C7B7-A326-4278-A78A-11942B5390DB}.Release|x86.ActiveCfg = Release|Win32
		{CAF4C7B7-A326-4278-A78A-11942B5390DB}.Release|x86.Build.0 = Release|Win32
		{597EB51B-81BD-464F-ACA7-607DE1F18C01}.Debug|x64.ActiveCfg = Debug|x64
		{597EB51B-81BD-464F-ACA7-607DE1F18C01}.Debug|x64.Build.0 = Debug|x64
		{597EB51B-81BD-464F-ACA7-607DE1F18C01}.Debug|x86.ActiveCfg = Debug|Win32
		{597EB51B-81BD-464F-ACA7-607DE1F18C01}.Debug|x86.Build.0 = Debug|Win32
		{597EB51B-81BD-464F-ACA7-607DE1F18C01}.Release|x64.ActiveCfg = Release|x64
		{597EB51B-81BD-464F-ACA7-607DE1F18C01}.Release|x64.Build.0 = Release|x64
		{597EB51B-81BD-464F-ACA7-607DE1F18C01}.Release|x86.ActiveCfg = Release|Win32
		{597EB51B-81BD-464F-ACA7-607DE1F18C01}.Release|x86.Build.0 = Release|Win32
		{265FE180-E69B-48B3-AD01-890C9D0CA91E}.Debug|x64.ActiveCfg = Debug|x64
		{265FE180-E69B-48B3-AD01-890C9D0CA91E}.Debug|x64.Build.0 = Debug|x64
		{265FE180-E69B-48B3-AD01-890C9D0CA91E}.Debug|x86.ActiveCfg = Debug|Win32
		{265FE180-E69B-48B3-AD01-890C9D0CA91E}.Debug|x86.Build.0 = Debug|Win32
		{265FE180-E69B-48B3-AD01-890C9D0CA91E}.Release|x64.ActiveCfg = Release|x64
		{265FE180-E69B-48B3-AD01-890C9D0CA91E}.Release|x64.Build.0 = Release|x64
		{265FE180-E69B-48B3-AD01-890C9D0CA91E}.Release|x86.ActiveCfg = Release|Win32
		{265FE180-E69B-48B3-AD01-890C9D0CA91E}.Release|x86.Build.0 = Release|Win32
	EndGlobalSection
	GlobalSection(SolutionProperties) = preSolution
		HideSolutionNode = FALSE
	EndGlobalSection
	GlobalSection(ExtensibilityGlobals) = postSolution
		SolutionGuid = {5D859B70-F8CE-4873-9B86-4DB79F75FA0A}
	EndGlobalSection
EndGlobal
